<?xml version="1.0" encoding="utf-8"?>
<Project ToolsVersion="4.0" xmlns="http://schemas.microsoft.com/developer/msbuild/2003">
  <ItemGroup>
    <Filter Include="System">
      <UniqueIdentifier>{d5c59f2d-74e9-4676-adc7-2aea3ee3ef6f}</UniqueIdentifier>
    </Filter>
    <Filter Include="Windows">
      <UniqueIdentifier>{f6d7df93-1422-4402-90b5-22aa43d7f24c}</UniqueIdentifier>
    </Filter>
    <Filter Include="Generator">
      <UniqueIdentifier>{02e6ef86-a186-49e3-a962-4aca631e9a33}</UniqueIdentifier>
    </Filter>
  </ItemGroup>
  <ItemGroup>
    <ClCompile Include="..\_intmath.cpp">
      <Filter>System</Filter>
    </ClCompile>
    <ClCompile Include="_types2.cpp">
      <Filter>System</Filter>
    </ClCompile>
    <ClCompile Include="main_mobile.cpp">
      <Filter>Windows</Filter>
    </ClCompile>
    <ClCompile Include="win_page.cpp">
      <Filter>Windows</Filter>
    </ClCompile>
    <ClCompile Include="win_pagelist.cpp">
      <Filter>Windows</Filter>
    </ClCompile>
    <ClCompile Include="win_para.cpp">
      <Filter>Windows</Filter>
    </ClCompile>
    <ClCompile Include="win_view.cpp">
      <Filter>Windows</Filter>
    </ClCompile>
    <ClCompile Include="win_viewmesh.cpp">
      <Filter>Windows</Filter>
    </ClCompile>
    <ClCompile Include="doc.cpp">
      <Filter>Generator</Filter>
    </ClCompile>
    <ClCompile Include="docpara.cpp">
      <Filter>Generator</Filter>
    </ClCompile>
    <ClCompile Include="..\player_mobile\engine_soft.cpp">
      <Filter>Generator</Filter>
    </ClCompile>
    <ClCompile Include="gen_bitmap_class.cpp">
      <Filter>Generator</Filter>
    </ClCompile>
    <ClCompile Include="gen_mobmesh.cpp">
      <Filter>Generator</Filter>
    </ClCompile>
  </ItemGroup>
  <ItemGroup>
    <ClInclude Include="..\_intmath.hpp">
      <Filter>System</Filter>
    </ClInclude>
    <ClInclude Include="_types2.hpp">
      <Filter>System</Filter>
    </ClInclude>
    <ClInclude Include="GuiOpPage.hpp">
      <Filter>System</Filter>
    </ClInclude>
    <ClInclude Include="GuiSingleList.hpp">
      <Filter>System</Filter>
    </ClInclude>
    <ClInclude Include="config.hpp">
      <Filter>Windows</Filter>
    </ClInclude>
    <ClInclude Include="main_mobile.hpp">
      <Filter>Windows</Filter>
    </ClInclude>
    <ClInclude Include="win_page.hpp">
      <Filter>Windows</Filter>
    </ClInclude>
    <ClInclude Include="win_pagelist.hpp">
      <Filter>Windows</Filter>
    </ClInclude>
    <ClInclude Include="win_para.hpp">
      <Filter>Windows</Filter>
    </ClInclude>
    <ClInclude Include="win_view.hpp">
      <Filter>Windows</Filter>
    </ClInclude>
    <ClInclude Include="win_viewmesh.hpp">
      <Filter>Windows</Filter>
    </ClInclude>
    <ClInclude Include="doc.hpp">
      <Filter>Generator</Filter>
    </ClInclude>
    <ClInclude Include="doc2.hpp">
      <Filter>Generator</Filter>
    </ClInclude>
    <ClInclude Include="..\player_mobile\engine_soft.hpp">
      <Filter>Generator</Filter>
    </ClInclude>
    <ClInclude Include="gen_bitmap_class.hpp">
      <Filter>Generator</Filter>
    </ClInclude>
    <ClInclude Include="gen_mobmesh.hpp">
      <Filter>Generator</Filter>
    </ClInclude>
  </ItemGroup>
  <ItemGroup>
    <Text Include="history.txt" />
    <Text Include="todo.txt" />
  </ItemGroup>
</Project>